# THIS IS AN AUTOGENERATED FILE. DO NOT EDIT THIS FILE DIRECTLY.
# yarn lockfile v1


storyblok-rich-text-react-renderer@^2.6.1:
  version "2.6.1"
  resolved "https://registry.yarnpkg.com/storyblok-rich-text-react-renderer/-/storyblok-rich-text-react-renderer-2.6.1.tgz#e19f319062d870eb4780deaaa2506659703046d1"
  integrity sha512-8TJGoy7o9viysyylyxi7+ADYKslMHQXlqQYlect3g8gyGeNto9K2ILIyYL1szHP4Ljn0/Kp1EB6NMmHiTlE5xg==
